
Microsoft Visual Studio Solution File, Format Version 12.00
# Visual Studio Version 16
VisualStudioVersion = 16.0.29728.190
MinimumVisualStudioVersion = 10.0.40219.1
Project("{FAE04EC0-301F-11D3-BF4B-00C04F79EFBC}") = "lab_5_3", "lab_5_3.csproj", "{17B35A60-8093-44CB-9402-9E798173A9FA}"
EndProject
Global
	GlobalSection(SolutionConfigurationPlatforms) = preSolution
		Debug|Any CPU = Debug|Any CPU
		Release|Any CPU = Release|Any CPU
	EndGlobalSection
	GlobalSection(ProjectConfigurationPlatforms) = postSolution
		{17B35A60-8093-44CB-9402-9E798173A9FA}.Debug|Any CPU.ActiveCfg = Debug|Any CPU
		{17B35A60-8093-44CB-9402-9E798173A9FA}.Debug|Any CPU.Build.0 = Debug|Any CPU
		{17B35A60-8093-44CB-9402-9E798173A9FA}.Release|Any CPU.ActiveCfg = Release|Any CPU
		{17B35A60-8093-44CB-9402-9E798173A9FA}.Release|Any CPU.Build.0 = Release|Any CPU
	EndGlobalSection
	GlobalSection(SolutionProperties) = preSolution
		HideSolutionNode = FALSE
	EndGlobalSection
	GlobalSection(ExtensibilityGlobals) = postSolution
		SolutionGuid = {C50E002F-0B7D-4A19-BFE0-B41FEECC23B4}
	EndGlobalSection
EndGlobal
